
Microsoft Visual Studio Solution File, Format Version 12.00
# Visual Studio Version 17
VisualStudioVersion = 17.5.002.0
MinimumVisualStudioVersion = 10.0.40219.1
Project("{9A19103F-16F7-4668-BE54-9A1E7A4F7556}") = "LearnOpenGL.OpenTK", "demo-code-cs\LearnOpenGL.OpenTK.csproj", "{084A7559-94BE-481C-A493-6E170425FF54}"
EndProject
Global
	GlobalSection(SolutionConfigurationPlatforms) = preSolution
		Debug|Any CPU = Debug|Any CPU
		Release|Any CPU = Release|Any CPU
	EndGlobalSection
	GlobalSection(ProjectConfigurationPlatforms) = postSolution
		{084A7559-94BE-481C-A493-6E170425FF54}.Debug|Any CPU.ActiveCfg = Debug|Any CPU
		{084A7559-94BE-481C-A493-6E170425FF54}.Debug|Any CPU.Build.0 = Debug|Any CPU
		{084A7559-94BE-481C-A493-6E170425FF54}.Release|Any CPU.ActiveCfg = Release|Any CPU
		{084A7559-94BE-481C-A493-6E170425FF54}.Release|Any CPU.Build.0 = Release|Any CPU
	EndGlobalSection
	GlobalSection(SolutionProperties) = preSolution
		HideSolutionNode = FALSE
	EndGlobalSection
	GlobalSection(ExtensibilityGlobals) = postSolution
		SolutionGuid = {3A12C900-848B-492D-B91F-B9987175E357}
	EndGlobalSection
EndGlobal
